// !$*UTF8*$!
{
	archiveVersion = 1;
	classes = {
	};
	objectVersion = 52;
	objects = {

/* Begin PBXBuildFile section */
		A1112F8524890F3800453FDE /* Alamofire in Frameworks */ = {isa = PBXBuildFile; productRef = A1112F8424890F3800453FDE /* Alamofire */; };
		A1B45F992455C2C300BEB66B /* AppDelegate.swift in Sources */ = {isa = PBXBuildFile; fileRef = A1B45F982455C2C300BEB66B /* AppDelegate.swift */; };
		A1B45F9B2455C2C300BEB66B /* SceneDelegate.swift in Sources */ = {isa = PBXBuildFile; fileRef = A1B45F9A2455C2C300BEB66B /* SceneDelegate.swift */; };
		A1B45F9D2455C2C300BEB66B /* ViewController.swift in Sources */ = {isa = PBXBuildFile; fileRef = A1B45F9C2455C2C300BEB66B /* ViewController.swift */; };
		A1B45FA02455C2C300BEB66B /* Main.storyboard in Resources */ = {isa = PBXBuildFile; fileRef = A1B45F9E2455C2C300BEB66B /* Main.storyboard */; };
		A1B45FA22455C2C600BEB66B /* Assets.xcassets in Resources */ = {isa = PBXBuildFile; fileRef = A1B45FA12455C2C600BEB66B /* Assets.xcassets */; };
		A1B45FA52455C2C600BEB66B /* LaunchScreen.storyboard in Resources */ = {isa = PBXBuildFile; fileRef = A1B45FA32455C2C600BEB66B /* LaunchScreen.storyboard */; };
		A1B45FB02455C2C600BEB66B /* app2Tests.swift in Sources */ = {isa = PBXBuildFile; fileRef = A1B45FAF2455C2C600BEB66B /* app2Tests.swift */; };
		A1B45FBB2455C2C700BEB66B /* app2UITests.swift in Sources */ = {isa = PBXBuildFile; fileRef = A1B45FBA2455C2C700BEB66B /* app2UITests.swift */; };
		A1B45FC92455D1E500BEB66B /* LoginViewController.swift in Sources */ = {isa = PBXBuildFile; fileRef = A1B45FC82455D1E500BEB66B /* LoginViewController.swift */; };
		A1B45FCB2455D6AD00BEB66B /* Details.swift in Sources */ = {isa = PBXBuildFile; fileRef = A1B45FCA2455D6AD00BEB66B /* Details.swift */; };
		A1B45FCF2458611A00BEB66B /* FuncController.swift in Sources */ = {isa = PBXBuildFile; fileRef = A1B45FCE2458611A00BEB66B /* FuncController.swift */; };
		A1B45FD1245977C800BEB66B /* PersonalPageViewController.swift in Sources */ = {isa = PBXBuildFile; fileRef = A1B45FD0245977C800BEB66B /* PersonalPageViewController.swift */; };
		A1B45FD3245AFC8200BEB66B /* ProfileTableViewController.swift in Sources */ = {isa = PBXBuildFile; fileRef = A1B45FD2245AFC8200BEB66B /* ProfileTableViewController.swift */; };
		A1B45FD5245AFD0D00BEB66B /* ProfileTableViewCell.swift in Sources */ = {isa = PBXBuildFile; fileRef = A1B45FD4245AFD0D00BEB66B /* ProfileTableViewCell.swift */; };
		A1B45FD7245B0CAF00BEB66B /* SignupViewController.swift in Sources */ = {isa = PBXBuildFile; fileRef = A1B45FD6245B0CAF00BEB66B /* SignupViewController.swift */; };
/* End PBXBuildFile section */

/* Begin PBXContainerItemProxy section */
		A1B45FAC2455C2C600BEB66B /* PBXContainerItemProxy */ = {
			isa = PBXContainerItemProxy;
			containerPortal = A1B45F8D2455C2C300BEB66B /* Project object */;
			proxyType = 1;
			remoteGlobalIDString = A1B45F942455C2C300BEB66B;
			remoteInfo = app2;
		};
		A1B45FB72455C2C700BEB66B /* PBXContainerItemProxy */ = {
			isa = PBXContainerItemProxy;
			containerPortal = A1B45F8D2455C2C300BEB66B /* Project object */;
			proxyType = 1;
			remoteGlobalIDString = A1B45F942455C2C300BEB66B;
			remoteInfo = app2;
		};
/* End PBXContainerItemProxy section */

/* Begin PBXFileReference section */
		A1B45F952455C2C300BEB66B /* app2.app */ = {isa = PBXFileReference; explicitFileType = wrapper.application; includeInIndex = 0; path = app2.app; sourceTree = BUILT_PRODUCTS_DIR; };
		A1B45F982455C2C300BEB66B /* AppDelegate.swift */ = {isa = PBXFileReference; lastKnownFileType = sourcecode.swift; path = AppDelegate.swift; sourceTree = "<group>"; };
		A1B45F9A2455C2C300BEB66B /* SceneDelegate.swift */ = {isa = PBXFileReference; lastKnownFileType = sourcecode.swift; path = SceneDelegate.swift; sourceTree = "<group>"; };
		A1B45F9C2455C2C300BEB66B /* ViewController.swift */ = {isa = PBXFileReference; lastKnownFileType = sourcecode.swift; path = ViewController.swift; sourceTree = "<group>"; };
		A1B45F9F2455C2C300BEB66B /* Base */ = {isa = PBXFileReference; lastKnownFileType = file.storyboard; name = Base; path = Base.lproj/Main.storyboard; sourceTree = "<group>"; };
		A1B45FA12455C2C600BEB66B /* Assets.xcassets */ = {isa = PBXFileReference; lastKnownFileType = folder.assetcatalog; path = Assets.xcassets; sourceTree = "<group>"; };
		A1B45FA42455C2C600BEB66B /* Base */ = {isa = PBXFileReference; lastKnownFileType = file.storyboard; name = Base; path = Base.lproj/LaunchScreen.storyboard; sourceTree = "<group>"; };
		A1B45FA62455C2C600BEB66B /* Info.plist */ = {isa = PBXFileReference; lastKnownFileType = text.plist.xml; path = Info.plist; sourceTree = "<group>"; };
		A1B45FAB2455C2C600BEB66B /* app2Tests.xctest */ = {isa = PBXFileReference; explicitFileType = wrapper.cfbundle; includeInIndex = 0; path = app2Tests.xctest; sourceTree = BUILT_PRODUCTS_DIR; };
		A1B45FAF2455C2C600BEB66B /* app2Tests.swift */ = {isa = PBXFileReference; lastKnownFileType = sourcecode.swift; path = app2Tests.swift; sourceTree = "<group>"; };
		A1B45FB12455C2C600BEB66B /* Info.plist */ = {isa = PBXFileReference; lastKnownFileType = text.plist.xml; path = Info.plist; sourceTree = "<group>"; };
		A1B45FB62455C2C700BEB66B /* app2UITests.xctest */ = {isa = PBXFileReference; explicitFileType = wrapper.cfbundle; includeInIndex = 0; path = app2UITests.xctest; sourceTree = BUILT_PRODUCTS_DIR; };
		A1B45FBA2455C2C700BEB66B /* app2UITests.swift */ = {isa = PBXFileReference; lastKnownFileType = sourcecode.swift; path = app2UITests.swift; sourceTree = "<group>"; };
		A1B45FBC2455C2C700BEB66B /* Info.plist */ = {isa = PBXFileReference; lastKnownFileType = text.plist.xml; path = Info.plist; sourceTree = "<group>"; };
		A1B45FC82455D1E500BEB66B /* LoginViewController.swift */ = {isa = PBXFileReference; lastKnownFileType = sourcecode.swift; path = LoginViewController.swift; sourceTree = "<group>"; };
		A1B45FCA2455D6AD00BEB66B /* Details.swift */ = {isa = PBXFileReference; lastKnownFileType = sourcecode.swift; path = Details.swift; sourceTree = "<group>"; };
		A1B45FCE2458611A00BEB66B /* FuncController.swift */ = {isa = PBXFileReference; lastKnownFileType = sourcecode.swift; path = FuncController.swift; sourceTree = "<group>"; };
		A1B45FD0245977C800BEB66B /* PersonalPageViewController.swift */ = {isa = PBXFileReference; lastKnownFileType = sourcecode.swift; path = PersonalPageViewController.swift; sourceTree = "<group>"; };
		A1B45FD2245AFC8200BEB66B /* ProfileTableViewController.swift */ = {isa = PBXFileReference; lastKnownFileType = sourcecode.swift; path = ProfileTableViewController.swift; sourceTree = "<group>"; };
		A1B45FD4245AFD0D00BEB66B /* ProfileTableViewCell.swift */ = {isa = PBXFileReference; lastKnownFileType = sourcecode.swift; path = ProfileTableViewCell.swift; sourceTree = "<group>"; };
		A1B45FD6245B0CAF00BEB66B /* SignupViewController.swift */ = {isa = PBXFileReference; lastKnownFileType = sourcecode.swift; path = SignupViewController.swift; sourceTree = "<group>"; };
/* End PBXFileReference section */

/* Begin PBXFrameworksBuildPhase section */
		A1B45F922455C2C300BEB66B /* Frameworks */ = {
			isa = PBXFrameworksBuildPhase;
			buildActionMask = 2147483647;
			files = (
				A1112F8524890F3800453FDE /* Alamofire in Frameworks */,
			);
			runOnlyForDeploymentPostprocessing = 0;
		};
		A1B45FA82455C2C600BEB66B /* Frameworks */ = {
			isa = PBXFrameworksBuildPhase;
			buildActionMask = 2147483647;
			files = (
			);
			runOnlyForDeploymentPostprocessing = 0;
		};
		A1B45FB32455C2C700BEB66B /* Frameworks */ = {
			isa = PBXFrameworksBuildPhase;
			buildActionMask = 2147483647;
			files = (
			);
			runOnlyForDeploymentPostprocessing = 0;
		};
/* End PBXFrameworksBuildPhase section */

/* Begin PBXGroup section */
		A1B45F8C2455C2C300BEB66B = {
			isa = PBXGroup;
			children = (
				A1B45F972455C2C300BEB66B /* app2 */,
				A1B45FAE2455C2C600BEB66B /* app2Tests */,
				A1B45FB92455C2C700BEB66B /* app2UITests */,
				A1B45F962455C2C300BEB66B /* Products */,
			);
			sourceTree = "<group>";
		};
		A1B45F962455C2C300BEB66B /* Products */ = {
			isa = PBXGroup;
			children = (
				A1B45F952455C2C300BEB66B /* app2.app */,
				A1B45FAB2455C2C600BEB66B /* app2Tests.xctest */,
				A1B45FB62455C2C700BEB66B /* app2UITests.xctest */,
			);
			name = Products;
			sourceTree = "<group>";
		};
		A1B45F972455C2C300BEB66B /* app2 */ = {
			isa = PBXGroup;
			children = (
				A1B45F982455C2C300BEB66B /* AppDelegate.swift */,
				A1B45F9A2455C2C300BEB66B /* SceneDelegate.swift */,
				A1B45F9C2455C2C300BEB66B /* ViewController.swift */,
				A1B45F9E2455C2C300BEB66B /* Main.storyboard */,
				A1B45FD6245B0CAF00BEB66B /* SignupViewController.swift */,
				A1B45FD2245AFC8200BEB66B /* ProfileTableViewController.swift */,
				A1B45FD4245AFD0D00BEB66B /* ProfileTableViewCell.swift */,
				A1B45FC82455D1E500BEB66B /* LoginViewController.swift */,
				A1B45FD0245977C800BEB66B /* PersonalPageViewController.swift */,
				A1B45FCA2455D6AD00BEB66B /* Details.swift */,
				A1B45FA12455C2C600BEB66B /* Assets.xcassets */,
				A1B45FA32455C2C600BEB66B /* LaunchScreen.storyboard */,
				A1B45FA62455C2C600BEB66B /* Info.plist */,
				A1B45FCE2458611A00BEB66B /* FuncController.swift */,
			);
			path = app2;
			sourceTree = "<group>";
		};
		A1B45FAE2455C2C600BEB66B /* app2Tests */ = {
			isa = PBXGroup;
			children = (
				A1B45FAF2455C2C600BEB66B /* app2Tests.swift */,
				A1B45FB12455C2C600BEB66B /* Info.plist */,
			);
			path = app2Tests;
			sourceTree = "<group>";
		};
		A1B45FB92455C2C700BEB66B /* app2UITests */ = {
			isa = PBXGroup;
			children = (
				A1B45FBA2455C2C700BEB66B /* app2UITests.swift */,
				A1B45FBC2455C2C700BEB66B /* Info.plist */,
			);
			path = app2UITests;
			sourceTree = "<group>";
		};
/* End PBXGroup section */

/* Begin PBXNativeTarget section */
		A1B45F942455C2C300BEB66B /* app2 */ = {
			isa = PBXNativeTarget;
			buildConfigurationList = A1B45FBF2455C2C700BEB66B /* Build configuration list for PBXNativeTarget "app2" */;
			buildPhases = (
				A1B45F912455C2C300BEB66B /* Sources */,
				A1B45F922455C2C300BEB66B /* Frameworks */,
				A1B45F932455C2C300BEB66B /* Resources */,
			);
			buildRules = (
			);
			dependencies = (
			);
			name = app2;
			packageProductDependencies = (
				A1112F8424890F3800453FDE /* Alamofire */,
			);
			productName = app2;
			productReference = A1B45F952455C2C300BEB66B /* app2.app */;
			productType = "com.apple.product-type.application";
		};
		A1B45FAA2455C2C600BEB66B /* app2Tests */ = {
			isa = PBXNativeTarget;
			buildConfigurationList = A1B45FC22455C2C700BEB66B /* Build configuration list for PBXNativeTarget "app2Tests" */;
			buildPhases = (
				A1B45FA72455C2C600BEB66B /* Sources */,
				A1B45FA82455C2C600BEB66B /* Frameworks */,
				A1B45FA92455C2C600BEB66B /* Resources */,
			);
			buildRules = (
			);
			dependencies = (
				A1B45FAD2455C2C600BEB66B /* PBXTargetDependency */,
			);
			name = app2Tests;
			productName = app2Tests;
			productReference = A1B45FAB2455C2C600BEB66B /* app2Tests.xctest */;
			productType = "com.apple.product-type.bundle.unit-test";
		};
		A1B45FB52455C2C700BEB66B /* app2UITests */ = {
			isa = PBXNativeTarget;
			buildConfigurationList = A1B45FC52455C2C700BEB66B /* Build configuration list for PBXNativeTarget "app2UITests" */;
			buildPhases = (
				A1B45FB22455C2C700BEB66B /* Sources */,
				A1B45FB32455C2C700BEB66B /* Frameworks */,
				A1B45FB42455C2C700BEB66B /* Resources */,
			);
			buildRules = (
			);
			dependencies = (
				A1B45FB82455C2C700BEB66B /* PBXTargetDependency */,
			);
			name = app2UITests;
			productName = app2UITests;
			productReference = A1B45FB62455C2C700BEB66B /* app2UITests.xctest */;
			productType = "com.apple.product-type.bundle.ui-testing";
		};
/* End PBXNativeTarget section */

/* Begin PBXProject section */
		A1B45F8D2455C2C300BEB66B /* Project object */ = {
			isa = PBXProject;
			attributes = {
				LastSwiftUpdateCheck = 1130;
				LastUpgradeCheck = 1130;
				ORGANIZATIONNAME = "Jack Liu";
				TargetAttributes = {
					A1B45F942455C2C300BEB66B = {
						CreatedOnToolsVersion = 11.3.1;
					};
					A1B45FAA2455C2C600BEB66B = {
						CreatedOnToolsVersion = 11.3.1;
						TestTargetID = A1B45F942455C2C300BEB66B;
					};
					A1B45FB52455C2C700BEB66B = {
						CreatedOnToolsVersion = 11.3.1;
						TestTargetID = A1B45F942455C2C300BEB66B;
					};
				};
			};
			buildConfigurationList = A1B45F902455C2C300BEB66B /* Build configuration list for PBXProject "app2" */;
			compatibilityVersion = "Xcode 9.3";
			developmentRegion = en;
			hasScannedForEncodings = 0;
			knownRegions = (
				en,
				Base,
			);
			mainGroup = A1B45F8C2455C2C300BEB66B;
			packageReferences = (
				A1112F8324890F3800453FDE /* XCRemoteSwiftPackageReference "Alamofire" */,
			);
			productRefGroup = A1B45F962455C2C300BEB66B /* Products */;
			projectDirPath = "";
			projectRoot = "";
			targets = (
				A1B45F942455C2C300BEB66B /* app2 */,
				A1B45FAA2455C2C600BEB66B /* app2Tests */,
				A1B45FB52455C2C700BEB66B /* app2UITests */,
			);
		};
/* End PBXProject section */

/* Begin PBXResourcesBuildPhase section */
		A1B45F932455C2C300BEB66B /* Resources */ = {
			isa = PBXResourcesBuildPhase;
			buildActionMask = 2147483647;
			files = (
				A1B45FA52455C2C600BEB66B /* LaunchScreen.storyboard in Resources */,
				A1B45FA22455C2C600BEB66B /* Assets.xcassets in Resources */,
				A1B45FA02455C2C300BEB66B /* Main.storyboard in Resources */,
			);
			runOnlyForDeploymentPostprocessing = 0;
		};
		A1B45FA92455C2C600BEB66B /* Resources */ = {
			isa = PBXResourcesBuildPhase;
			buildActionMask = 2147483647;
			files = (
			);
			runOnlyForDeploymentPostprocessing = 0;
		};
		A1B45FB42455C2C700BEB66B /* Resources */ = {
			isa = PBXResourcesBuildPhase;
			buildActionMask = 2147483647;
			files = (
			);
			runOnlyForDeploymentPostprocessing = 0;
		};
/* End PBXResourcesBuildPhase section */

/* Begin PBXSourcesBuildPhase section */
		A1B45F912455C2C300BEB66B /* Sources */ = {
			isa = PBXSourcesBuildPhase;
			buildActionMask = 2147483647;
			files = (
				A1B45FC92455D1E500BEB66B /* LoginViewController.swift in Sources */,
				A1B45FCB2455D6AD00BEB66B /* Details.swift in Sources */,
				A1B45FD7245B0CAF00BEB66B /* SignupViewController.swift in Sources */,
				A1B45F9D2455C2C300BEB66B /* ViewController.swift in Sources */,
				A1B45FD5245AFD0D00BEB66B /* ProfileTableViewCell.swift in Sources */,
				A1B45F992455C2C300BEB66B /* AppDelegate.swift in Sources */,
				A1B45F9B2455C2C300BEB66B /* SceneDelegate.swift in Sources */,
				A1B45FD1245977C800BEB66B /* PersonalPageViewController.swift in Sources */,
				A1B45FD3245AFC8200BEB66B /* ProfileTableViewController.swift in Sources */,
				A1B45FCF2458611A00BEB66B /* FuncController.swift in Sources */,
			);
			runOnlyForDeploymentPostprocessing = 0;
		};
		A1B45FA72455C2C600BEB66B /* Sources */ = {
			isa = PBXSourcesBuildPhase;
			buildActionMask = 2147483647;
			files = (
				A1B45FB02455C2C600BEB66B /* app2Tests.swift in Sources */,
			);
			runOnlyForDeploymentPostprocessing = 0;
		};
		A1B45FB22455C2C700BEB66B /* Sources */ = {
			isa = PBXSourcesBuildPhase;
			buildActionMask = 2147483647;
			files = (
				A1B45FBB2455C2C700BEB66B /* app2UITests.swift in Sources */,
			);
			runOnlyForDeploymentPostprocessing = 0;
		};
/* End PBXSourcesBuildPhase section */

/* Begin PBXTargetDependency section */
		A1B45FAD2455C2C600BEB66B /* PBXTargetDependency */ = {
			isa = PBXTargetDependency;
			target = A1B45F942455C2C300BEB66B /* app2 */;
			targetProxy = A1B45FAC2455C2C600BEB66B /* PBXContainerItemProxy */;
		};
		A1B45FB82455C2C700BEB66B /* PBXTargetDependency */ = {
			isa = PBXTargetDependency;
			target = A1B45F942455C2C300BEB66B /* app2 */;
			targetProxy = A1B45FB72455C2C700BEB66B /* PBXContainerItemProxy */;
		};
/* End PBXTargetDependency section */

/* Begin PBXVariantGroup section */
		A1B45F9E2455C2C300BEB66B /* Main.storyboard */ = {
			isa = PBXVariantGroup;
			children = (
				A1B45F9F2455C2C300BEB66B /* Base */,
			);
			name = Main.storyboard;
			sourceTree = "<group>";
		};
		A1B45FA32455C2C600BEB66B /* LaunchScreen.storyboard */ = {
			isa = PBXVariantGroup;
			children = (
				A1B45FA42455C2C600BEB66B /* Base */,
			);
			name = LaunchScreen.storyboard;
			sourceTree = "<group>";
		};
/* End PBXVariantGroup section */

/* Begin XCBuildConfiguration section */
		A1B45FBD2455C2C700BEB66B /* Debug */ = {
			isa = XCBuildConfiguration;
			buildSettings = {
				ALWAYS_SEARCH_USER_PATHS = NO;
				CLANG_ANALYZER_NONNULL = YES;
				CLANG_ANALYZER_NUMBER_OBJECT_CONVERSION = YES_AGGRESSIVE;
				CLANG_CXX_LANGUAGE_STANDARD = "gnu++14";
				CLANG_CXX_LIBRARY = "libc++";
				CLANG_ENABLE_MODULES = YES;
				CLANG_ENABLE_OBJC_ARC = YES;
				CLANG_ENABLE_OBJC_WEAK = YES;
				CLANG_WARN_BLOCK_CAPTURE_AUTORELEASING = YES;
				CLANG_WARN_BOOL_CONVERSION = YES;
				CLANG_WARN_COMMA = YES;
				CLANG_WARN_CONSTANT_CONVERSION = YES;
				CLANG_WARN_DEPRECATED_OBJC_IMPLEMENTATIONS = YES;
				CLANG_WARN_DIRECT_OBJC_ISA_USAGE = YES_ERROR;
				CLANG_WARN_DOCUMENTATION_COMMENTS = YES;
				CLANG_WARN_EMPTY_BODY = YES;
				CLANG_WARN_ENUM_CONVERSION = YES;
				CLANG_WARN_INFINITE_RECURSION = YES;
				CLANG_WARN_INT_CONVERSION = YES;
				CLANG_WARN_NON_LITERAL_NULL_CONVERSION = YES;
				CLANG_WARN_OBJC_IMPLICIT_RETAIN_SELF = YES;
				CLANG_WARN_OBJC_LITERAL_CONVERSION = YES;
				CLANG_WARN_OBJC_ROOT_CLASS = YES_ERROR;
				CLANG_WARN_RANGE_LOOP_ANALYSIS = YES;
				CLANG_WARN_STRICT_PROTOTYPES = YES;
				CLANG_WARN_SUSPICIOUS_MOVE = YES;
				CLANG_WARN_UNGUARDED_AVAILABILITY = YES_AGGRESSIVE;
				CLANG_WARN_UNREACHABLE_CODE = YES;
				CLANG_WARN__DUPLICATE_METHOD_MATCH = YES;
				COPY_PHASE_STRIP = NO;
				DEBUG_INFORMATION_FORMAT = dwarf;
				ENABLE_STRICT_OBJC_MSGSEND = YES;
				ENABLE_TESTABILITY = YES;
				GCC_C_LANGUAGE_STANDARD = gnu11;
				GCC_DYNAMIC_NO_PIC = NO;
				GCC_NO_COMMON_BLOCKS = YES;
				GCC_OPTIMIZATION_LEVEL = 0;
				GCC_PREPROCESSOR_DEFINITIONS = (
					"DEBUG=1",
					"$(inherited)",
				);
				GCC_WARN_64_TO_32_BIT_CONVERSION = YES;
				GCC_WARN_ABOUT_RETURN_TYPE = YES_ERROR;
				GCC_WARN_UNDECLARED_SELECTOR = YES;
				GCC_WARN_UNINITIALIZED_AUTOS = YES_AGGRESSIVE;
				GCC_WARN_UNUSED_FUNCTION = YES;
				GCC_WARN_UNUSED_VARIABLE = YES;
				IPHONEOS_DEPLOYMENT_TARGET = 13.2;
				MTL_ENABLE_DEBUG_INFO = INCLUDE_SOURCE;
				MTL_FAST_MATH = YES;
				ONLY_ACTIVE_ARCH = YES;
				SDKROOT = iphoneos;
				SWIFT_ACTIVE_COMPILATION_CONDITIONS = DEBUG;
				SWIFT_OPTIMIZATION_LEVEL = "-Onone";
			};
			name = Debug;
		};
		A1B45FBE2455C2C700BEB66B /* Release */ = {
			isa = XCBuildConfiguration;
			buildSettings = {
				ALWAYS_SEARCH_USER_PATHS = NO;
				CLANG_ANALYZER_NONNULL = YES;
				CLANG_ANALYZER_NUMBER_OBJECT_CONVERSION = YES_AGGRESSIVE;
				CLANG_CXX_LANGUAGE_STANDARD = "gnu++14";
				CLANG_CXX_LIBRARY = "libc++";
				CLANG_ENABLE_MODULES = YES;
				CLANG_ENABLE_OBJC_ARC = YES;
				CLANG_ENABLE_OBJC_WEAK = YES;
				CLANG_WARN_BLOCK_CAPTURE_AUTORELEASING = YES;
				CLANG_WARN_BOOL_CONVERSION = YES;
				CLANG_WARN_COMMA = YES;
				CLANG_WARN_CONSTANT_CONVERSION = YES;
				CLANG_WARN_DEPRECATED_OBJC_IMPLEMENTATIONS = YES;
				CLANG_WARN_DIRECT_OBJC_ISA_USAGE = YES_ERROR;
				CLANG_WARN_DOCUMENTATION_COMMENTS = YES;
				CLANG_WARN_EMPTY_BODY = YES;
				CLANG_WARN_ENUM_CONVERSION = YES;
				CLANG_WARN_INFINITE_RECURSION = YES;
				CLANG_WARN_INT_CONVERSION = YES;
				CLANG_WARN_NON_LITERAL_NULL_CONVERSION = YES;
				CLANG_WARN_OBJC_IMPLICIT_RETAIN_SELF = YES;
				CLANG_WARN_OBJC_LITERAL_CONVERSION = YES;
				CLANG_WARN_OBJC_ROOT_CLASS = YES_ERROR;
				CLANG_WARN_RANGE_LOOP_ANALYSIS = YES;
				CLANG_WARN_STRICT_PROTOTYPES = YES;
				CLANG_WARN_SUSPICIOUS_MOVE = YES;
				CLANG_WARN_UNGUARDED_AVAILABILITY = YES_AGGRESSIVE;
				CLANG_WARN_UNREACHABLE_CODE = YES;
				CLANG_WARN__DUPLICATE_METHOD_MATCH = YES;
				COPY_PHASE_STRIP = NO;
				DEBUG_INFORMATION_FORMAT = "dwarf-with-dsym";
				ENABLE_NS_ASSERTIONS = NO;
				ENABLE_STRICT_OBJC_MSGSEND = YES;
				GCC_C_LANGUAGE_STANDARD = gnu11;
				GCC_NO_COMMON_BLOCKS = YES;
				GCC_WARN_64_TO_32_BIT_CONVERSION = YES;
				GCC_WARN_ABOUT_RETURN_TYPE = YES_ERROR;
				GCC_WARN_UNDECLARED_SELECTOR = YES;
				GCC_WARN_UNINITIALIZED_AUTOS = YES_AGGRESSIVE;
				GCC_WARN_UNUSED_FUNCTION = YES;
				GCC_WARN_UNUSED_VARIABLE = YES;
				IPHONEOS_DEPLOYMENT_TARGET = 13.2;
				MTL_ENABLE_DEBUG_INFO = NO;
				MTL_FAST_MATH = YES;
				SDKROOT = iphoneos;
				SWIFT_COMPILATION_MODE = wholemodule;
				SWIFT_OPTIMIZATION_LEVEL = "-O";
				VALIDATE_PRODUCT = YES;
			};
			name = Release;
		};
		A1B45FC02455C2C700BEB66B /* Debug */ = {
			isa = XCBuildConfiguration;
			buildSettings = {
				ASSETCATALOG_COMPILER_APPICON_NAME = AppIcon;
				CODE_SIGN_STYLE = Automatic;
				DEVELOPMENT_TEAM = HH2QJB439P;
				INFOPLIST_FILE = app2/Info.plist;
				IPHONEOS_DEPLOYMENT_TARGET = 13.2;
				LD_RUNPATH_SEARCH_PATHS = (
					"$(inherited)",
					"@executable_path/Frameworks",
				);
				PRODUCT_BUNDLE_IDENTIFIER = oao.app2;
				PRODUCT_NAME = "$(TARGET_NAME)";
				SWIFT_VERSION = 5.0;
				TARGETED_DEVICE_FAMILY = "1,2";
			};
			name = Debug;
		};
		A1B45FC12455C2C700BEB66B /* Release */ = {
			isa = XCBuildConfiguration;
			buildSettings = {
				ASSETCATALOG_COMPILER_APPICON_NAME = AppIcon;
				CODE_SIGN_STYLE = Automatic;
				DEVELOPMENT_TEAM = HH2QJB439P;
				INFOPLIST_FILE = app2/Info.plist;
				IPHONEOS_DEPLOYMENT_TARGET = 13.2;
				LD_RUNPATH_SEARCH_PATHS = (
					"$(inherited)",
					"@executable_path/Frameworks",
				);
				PRODUCT_BUNDLE_IDENTIFIER = oao.app2;
				PRODUCT_NAME = "$(TARGET_NAME)";
				SWIFT_VERSION = 5.0;
				TARGETED_DEVICE_FAMILY = "1,2";
			};
			name = Release;
		};
		A1B45FC32455C2C700BEB66B /* Debug */ = {
			isa = XCBuildConfiguration;
			buildSettings = {
				ALWAYS_EMBED_SWIFT_STANDARD_LIBRARIES = YES;
				BUNDLE_LOADER = "$(TEST_HOST)";
				CODE_SIGN_STYLE = Automatic;
				INFOPLIST_FILE = app2Tests/Info.plist;
				IPHONEOS_DEPLOYMENT_TARGET = 13.2;
				LD_RUNPATH_SEARCH_PATHS = (
					"$(inherited)",
					"@executable_path/Frameworks",
					"@loader_path/Frameworks",
				);
				PRODUCT_BUNDLE_IDENTIFIER = oao.app2Tests;
				PRODUCT_NAME = "$(TARGET_NAME)";
				SWIFT_VERSION = 5.0;
				TARGETED_DEVICE_FAMILY = "1,2";
				TEST_HOST = "$(BUILT_PRODUCTS_DIR)/app2.app/app2";
			};
			name = Debug;
		};
		A1B45FC42455C2C700BEB66B /* Release */ = {
			isa = XCBuildConfiguration;
			buildSettings = {
				ALWAYS_EMBED_SWIFT_STANDARD_LIBRARIES = YES;
				BUNDLE_LOADER = "$(TEST_HOST)";
				CODE_SIGN_STYLE = Automatic;
				INFOPLIST_FILE = app2Tests/Info.plist;
				IPHONEOS_DEPLOYMENT_TARGET = 13.2;
				LD_RUNPATH_SEARCH_PATHS = (
					"$(inherited)",
					"@executable_path/Frameworks",
					"@loader_path/Frameworks",
				);
				PRODUCT_BUNDLE_IDENTIFIER = oao.app2Tests;
				PRODUCT_NAME = "$(TARGET_NAME)";
				SWIFT_VERSION = 5.0;
				TARGETED_DEVICE_FAMILY = "1,2";
				TEST_HOST = "$(BUILT_PRODUCTS_DIR)/app2.app/app2";
			};
			name = Release;
		};
		A1B45FC62455C2C700BEB66B /* Debug */ = {
			isa = XCBuildConfiguration;
			buildSettings = {
				ALWAYS_EMBED_SWIFT_STANDARD_LIBRARIES = YES;
				CODE_SIGN_STYLE = Automatic;
				INFOPLIST_FILE = app2UITests/Info.plist;
				LD_RUNPATH_SEARCH_PATHS = (
					"$(inherited)",
					"@executable_path/Frameworks",
					"@loader_path/Frameworks",
				);
				PRODUCT_BUNDLE_IDENTIFIER = oao.app2UITests;
				PRODUCT_NAME = "$(TARGET_NAME)";
				SWIFT_VERSION = 5.0;
				TARGETED_DEVICE_FAMILY = "1,2";
				TEST_TARGET_NAME = app2;
			};
			name = Debug;
		};
		A1B45FC72455C2C700BEB66B /* Release */ = {
			isa = XCBuildConfiguration;
			buildSettings = {
				ALWAYS_EMBED_SWIFT_STANDARD_LIBRARIES = YES;
				CODE_SIGN_STYLE = Automatic;
				INFOPLIST_FILE = app2UITests/Info.plist;
				LD_RUNPATH_SEARCH_PATHS = (
					"$(inherited)",
					"@executable_path/Frameworks",
					"@loader_path/Frameworks",
				);
				PRODUCT_BUNDLE_IDENTIFIER = oao.app2UITests;
				PRODUCT_NAME = "$(TARGET_NAME)";
				SWIFT_VERSION = 5.0;
				TARGETED_DEVICE_FAMILY = "1,2";
				TEST_TARGET_NAME = app2;
			};
			name = Release;
		};
/* End XCBuildConfiguration section */

/* Begin XCConfigurationList section */
		A1B45F902455C2C300BEB66B /* Build configuration list for PBXProject "app2" */ = {
			isa = XCConfigurationList;
			buildConfigurations = (
				A1B45FBD2455C2C700BEB66B /* Debug */,
				A1B45FBE2455C2C700BEB66B /* Release */,
			);
			defaultConfigurationIsVisible = 0;
			defaultConfigurationName = Release;
		};
		A1B45FBF2455C2C700BEB66B /* Build configuration list for PBXNativeTarget "app2" */ = {
			isa = XCConfigurationList;
			buildConfigurations = (
				A1B45FC02455C2C700BEB66B /* Debug */,
				A1B45FC12455C2C700BEB66B /* Release */,
			);
			defaultConfigurationIsVisible = 0;
			defaultConfigurationName = Release;
		};
		A1B45FC22455C2C700BEB66B /* Build configuration list for PBXNativeTarget "app2Tests" */ = {
			isa = XCConfigurationList;
			buildConfigurations = (
				A1B45FC32455C2C700BEB66B /* Debug */,
				A1B45FC42455C2C700BEB66B /* Release */,
			);
			defaultConfigurationIsVisible = 0;
			defaultConfigurationName = Release;
		};
		A1B45FC52455C2C700BEB66B /* Build configuration list for PBXNativeTarget "app2UITests" */ = {
			isa = XCConfigurationList;
			buildConfigurations = (
				A1B45FC62455C2C700BEB66B /* Debug */,
				A1B45FC72455C2C700BEB66B /* Release */,
			);
			defaultConfigurationIsVisible = 0;
			defaultConfigurationName = Release;
		};
/* End XCConfigurationList section */

/* Begin XCRemoteSwiftPackageReference section */
		A1112F8324890F3800453FDE /* XCRemoteSwiftPackageReference "Alamofire" */ = {
			isa = XCRemoteSwiftPackageReference;
			repositoryURL = "https://github.com/Alamofire/Alamofire";
			requirement = {
				kind = upToNextMajorVersion;
				minimumVersion = 5.2.1;
			};
		};
/* End XCRemoteSwiftPackageReference section */

/* Begin XCSwiftPackageProductDependency section */
		A1112F8424890F3800453FDE /* Alamofire */ = {
			isa = XCSwiftPackageProductDependency;
			package = A1112F8324890F3800453FDE /* XCRemoteSwiftPackageReference "Alamofire" */;
			productName = Alamofire;
		};
/* End XCSwiftPackageProductDependency section */
	};
	rootObject = A1B45F8D2455C2C300BEB66B /* Project object */;
}
